
Microsoft Visual Studio Solution File, Format Version 12.00
# Visual Studio 15
Project("{FAE04EC0-301F-11D3-BF4B-00C04F79EFBC}") = "Assembly-CSharp", "Assembly-CSharp.csproj", "{159D45A4-431C-E35D-3325-D930AC084F29}"
EndProject
Project("{FAE04EC0-301F-11D3-BF4B-00C04F79EFBC}") = "Unity.XR.Interaction.Toolkit.Samples.StarterAssets", "Unity.XR.Interaction.Toolkit.Samples.StarterAssets.csproj", "{73DD8996-BC42-DB8B-D62C-F9B73FC21A91}"
EndProject
Project("{FAE04EC0-301F-11D3-BF4B-00C04F79EFBC}") = "Unity.XR.Interaction.Toolkit.Samples.StarterAssets.Editor", "Unity.XR.Interaction.Toolkit.Samples.StarterAssets.Editor.csproj", "{F1A3BA56-DC95-326E-71C2-4105DB715AAB}"
EndProject
Global
	GlobalSection(SolutionConfigurationPlatforms) = preSolution
		Debug|Any CPU = Debug|Any CPU
		Release|Any CPU = Release|Any CPU
	EndGlobalSection
	GlobalSection(ProjectConfigurationPlatforms) = postSolution
		{159D45A4-431C-E35D-3325-D930AC084F29}.Debug|Any CPU.ActiveCfg = Debug|Any CPU
		{159D45A4-431C-E35D-3325-D930AC084F29}.Debug|Any CPU.Build.0 = Debug|Any CPU
		{159D45A4-431C-E35D-3325-D930AC084F29}.Release|Any CPU.ActiveCfg = Release|Any CPU
		{159D45A4-431C-E35D-3325-D930AC084F29}.Release|Any CPU.Build.0 = Release|Any CPU
		{73DD8996-BC42-DB8B-D62C-F9B73FC21A91}.Debug|Any CPU.ActiveCfg = Debug|Any CPU
		{73DD8996-BC42-DB8B-D62C-F9B73FC21A91}.Debug|Any CPU.Build.0 = Debug|Any CPU
		{73DD8996-BC42-DB8B-D62C-F9B73FC21A91}.Release|Any CPU.ActiveCfg = Release|Any CPU
		{73DD8996-BC42-DB8B-D62C-F9B73FC21A91}.Release|Any CPU.Build.0 = Release|Any CPU
		{F1A3BA56-DC95-326E-71C2-4105DB715AAB}.Debug|Any CPU.ActiveCfg = Debug|Any CPU
		{F1A3BA56-DC95-326E-71C2-4105DB715AAB}.Debug|Any CPU.Build.0 = Debug|Any CPU
		{F1A3BA56-DC95-326E-71C2-4105DB715AAB}.Release|Any CPU.ActiveCfg = Release|Any CPU
		{F1A3BA56-DC95-326E-71C2-4105DB715AAB}.Release|Any CPU.Build.0 = Release|Any CPU
	EndGlobalSection
	GlobalSection(SolutionProperties) = preSolution
		HideSolutionNode = FALSE
	EndGlobalSection
EndGlobal
